Microsoft Visual Studio Solution File, Format Version 12.00
# Visual Studio Version 17
VisualStudioVersion = 17.5.2.0
MinimumVisualStudioVersion = 10.0.40219.1
Project("{FAE04EC0-301F-11D3-BF4B-00C04F79EFBC}") = "MyBlazerApp", "MyBlazerApp.csproj", "{BBB69684-E8A5-76EA-FF29-0E7F8B7551FD}"
EndProject
Project("{FAE04EC0-301F-11D3-BF4B-00C04F79EFBC}") = "TaskManagerApp", "TaskManagerApp\TaskManagerApp.csproj", "{3EA41A5E-3C13-42D1-A1BF-3981A8E2CF4A}"
EndProject
Global
	GlobalSection(SolutionConfigurationPlatforms) = preSolution
		Debug|Any CPU = Debug|Any CPU
		Release|Any CPU = Release|Any CPU
	EndGlobalSection
	GlobalSection(ProjectConfigurationPlatforms) = postSolution
		{BBB69684-E8A5-76EA-FF29-0E7F8B7551FD}.Debug|Any CPU.ActiveCfg = Debug|Any CPU
		{BBB69684-E8A5-76EA-FF29-0E7F8B7551FD}.Debug|Any CPU.Build.0 = Debug|Any CPU
		{BBB69684-E8A5-76EA-FF29-0E7F8B7551FD}.Release|Any CPU.ActiveCfg = Release|Any CPU
		{BBB69684-E8A5-76EA-FF29-0E7F8B7551FD}.Release|Any CPU.Build.0 = Release|Any CPU
		{3EA41A5E-3C13-42D1-A1BF-3981A8E2CF4A}.Debug|Any CPU.ActiveCfg = Debug|Any CPU
		{3EA41A5E-3C13-42D1-A1BF-3981A8E2CF4A}.Debug|Any CPU.Build.0 = Debug|Any CPU
		{3EA41A5E-3C13-42D1-A1BF-3981A8E2CF4A}.Release|Any CPU.ActiveCfg = Release|Any CPU
		{3EA41A5E-3C13-42D1-A1BF-3981A8E2CF4A}.Release|Any CPU.Build.0 = Release|Any CPU
	EndGlobalSection
	GlobalSection(SolutionProperties) = preSolution
		HideSolutionNode = FALSE
	EndGlobalSection
	GlobalSection(ExtensibilityGlobals) = postSolution
		SolutionGuid = {76275681-504E-4B85-8D26-0988235E4D0A}
	EndGlobalSection
EndGlobal
